<?xml version="1.0" encoding="utf-8"?>
<Project ToolsVersion="4.0" xmlns="http://schemas.microsoft.com/developer/msbuild/2003">
  <ItemGroup>
    <Filter Include="Source Files">
      <UniqueIdentifier>{4FC737F1-C7A5-4376-A066-2A32D752A2FF}</UniqueIdentifier>
      <Extensions>cpp;c;cc;cxx;def;odl;idl;hpj;bat;asm;asmx</Extensions>
    </Filter>
    <Filter Include="Header Files">
      <UniqueIdentifier>{93995380-89BD-4b04-88EB-625FBE52EBFB}</UniqueIdentifier>
      <Extensions>h;hh;hpp;hxx;hm;inl;inc;xsd</Extensions>
    </Filter>
    <Filter Include="Resource Files">
      <UniqueIdentifier>{67DA6AB6-F800-4c08-8B7A-83BB121AAD01}</UniqueIdentifier>
      <Extensions>rc;ico;cur;bmp;dlg;rc2;rct;bin;rgs;gif;jpg;jpeg;jpe;resx;tiff;tif;png;wav;mfcribbon-ms</Extensions>
    </Filter>
    <Filter Include="Shaders">
      <UniqueIdentifier>{f2061c97-28d7-44a6-9139-4cfa56d2b989}</UniqueIdentifier>
    </Filter>
    <Filter Include="Source Files\Voxels">
      <UniqueIdentifier>{e3a89854-8262-4d76-8744-2f9549b4afc1}</UniqueIdentifier>
    </Filter>
    <Filter Include="Header Files\Voxels">
      <UniqueIdentifier>{2da63bd7-0d5b-4b1d-a9d9-77131993e1ae}</UniqueIdentifier>
    </Filter>
  </ItemGroup>
  <ItemGroup>
    <None Include="packages.config" />
    <None Include="Shaders\model_fs.glsl">
      <Filter>Shaders</Filter>
    </None>
    <None Include="Shaders\model_vs.glsl">
      <Filter>Shaders</Filter>
    </None>
    <None Include="Shaders\object_fs.glsl">
      <Filter>Shaders</Filter>
    </None>
    <None Include="Shaders\object_vs.glsl">
      <Filter>Shaders</Filter>
    </None>
    <None Include="Shaders\skybox_fs.glsl">
      <Filter>Shaders</Filter>
    </None>
    <None Include="Shaders\skybox_vs.glsl">
      <Filter>Shaders</Filter>
    </None>
    <None Include="Resources\config.json">
      <Filter>Resource Files</Filter>
    </None>
    <None Include="Resources\entity.json">
      <Filter>Resource Files</Filter>
    </None>
    <None Include="Resources\resources.json">
      <Filter>Resource Files</Filter>
    </None>
    <None Include="Resources\sound.json">
      <Filter>Resource Files</Filter>
    </None>
    <None Include="Resources\structures.json">
      <Filter>Resource Files</Filter>
    </None>
    <None Include="Resources\textures\texture.json">
      <Filter>Resource Files</Filter>
    </None>
    <None Include="Resources\models\models.json">
      <Filter>Resource Files</Filter>
    </None>
    <None Include="Shaders\voxelTex_fs.glsl">
      <Filter>Shaders</Filter>
    </None>
    <None Include="Shaders\voxelTex_vs.glsl">
      <Filter>Shaders</Filter>
    </None>
  </ItemGroup>
  <ItemGroup>
    <ClInclude Include="source\game.hpp">
      <Filter>Header Files</Filter>
    </ClInclude>
    <ClInclude Include="source\graphics.hpp">
      <Filter>Header Files</Filter>
    </ClInclude>
    <ClInclude Include="source\resManager.hpp">
      <Filter>Header Files</Filter>
    </ClInclude>
    <ClInclude Include="source\shader.hpp">
      <Filter>Header Files</Filter>
    </ClInclude>
    <ClInclude Include="source\model.hpp">
      <Filter>Header Files</Filter>
    </ClInclude>
    <ClInclude Include="source\mesh.hpp">
      <Filter>Header Files</Filter>
    </ClInclude>
    <ClInclude Include="source\texture.hpp">
      <Filter>Header Files</Filter>
    </ClInclude>
    <ClInclude Include="source\mathUtil.hpp">
      <Filter>Header Files</Filter>
    </ClInclude>
    <ClInclude Include="source\animController.hpp">
      <Filter>Header Files</Filter>
    </ClInclude>
    <ClInclude Include="source\camera.hpp">
      <Filter>Header Files</Filter>
    </ClInclude>
    <ClInclude Include="source\chunk.hpp">
      <Filter>Header Files\Voxels</Filter>
    </ClInclude>
    <ClInclude Include="source\octree.hpp">
      <Filter>Header Files\Voxels</Filter>
    </ClInclude>
    <ClInclude Include="source\voxelManager.hpp">
      <Filter>Header Files\Voxels</Filter>
    </ClInclude>
    <ClInclude Include="source\Allocator.hpp">
      <Filter>Header Files</Filter>
    </ClInclude>
    <ClInclude Include="source\player.hpp">
      <Filter>Header Files</Filter>
    </ClInclude>
    <ClInclude Include="source\svd.hpp">
      <Filter>Header Files\Voxels</Filter>
    </ClInclude>
    <ClInclude Include="source\qef.hpp">
      <Filter>Header Files\Voxels</Filter>
    </ClInclude>
    <ClInclude Include="source\density.hpp">
      <Filter>Header Files\Voxels</Filter>
    </ClInclude>
  </ItemGroup>
  <ItemGroup>
    <ClCompile Include="source\graphics.cpp">
      <Filter>Source Files</Filter>
    </ClCompile>
    <ClCompile Include="source\main.cpp">
      <Filter>Source Files</Filter>
    </ClCompile>
    <ClCompile Include="source\mesh.cpp">
      <Filter>Source Files</Filter>
    </ClCompile>
    <ClCompile Include="source\model.cpp">
      <Filter>Source Files</Filter>
    </ClCompile>
    <ClCompile Include="source\resManager.cpp">
      <Filter>Source Files</Filter>
    </ClCompile>
    <ClCompile Include="source\shader.cpp">
      <Filter>Source Files</Filter>
    </ClCompile>
    <ClCompile Include="source\game.cpp">
      <Filter>Source Files</Filter>
    </ClCompile>
    <ClCompile Include="source\texture.cpp">
      <Filter>Source Files</Filter>
    </ClCompile>
    <ClCompile Include="source\animController.cpp">
      <Filter>Source Files</Filter>
    </ClCompile>
    <ClCompile Include="source\camera.cpp">
      <Filter>Source Files</Filter>
    </ClCompile>
    <ClCompile Include="source\chunk.cpp">
      <Filter>Source Files\Voxels</Filter>
    </ClCompile>
    <ClCompile Include="source\octree.cpp">
      <Filter>Source Files\Voxels</Filter>
    </ClCompile>
    <ClCompile Include="source\mathUtil.cpp">
      <Filter>Source Files</Filter>
    </ClCompile>
    <ClCompile Include="source\voxelManager.cpp">
      <Filter>Source Files\Voxels</Filter>
    </ClCompile>
    <ClCompile Include="source\svd.cpp">
      <Filter>Source Files\Voxels</Filter>
    </ClCompile>
    <ClCompile Include="source\qef.cpp">
      <Filter>Source Files\Voxels</Filter>
    </ClCompile>
    <ClCompile Include="source\density.cpp">
      <Filter>Source Files\Voxels</Filter>
    </ClCompile>
  </ItemGroup>
</Project>