<?xml version="1.0" encoding="utf-8"?>
<Project ToolsVersion="4.0" xmlns="http://schemas.microsoft.com/developer/msbuild/2003">
  <ItemGroup>
    <Filter Include="Source Files">
      <UniqueIdentifier>{4FC737F1-C7A5-4376-A066-2A32D752A2FF}</UniqueIdentifier>
      <Extensions>cpp;c;cc;cxx;def;odl;idl;hpj;bat;asm;asmx</Extensions>
    </Filter>
    <Filter Include="Header Files">
      <UniqueIdentifier>{93995380-89BD-4b04-88EB-625FBE52EBFB}</UniqueIdentifier>
      <Extensions>h;hh;hpp;hxx;hm;inl;inc;xsd</Extensions>
    </Filter>
    <Filter Include="Resource Files">
      <UniqueIdentifier>{67DA6AB6-F800-4c08-8B7A-83BB121AAD01}</UniqueIdentifier>
      <Extensions>rc;ico;cur;bmp;dlg;rc2;rct;bin;rgs;gif;jpg;jpeg;jpe;resx;tiff;tif;png;wav;mfcribbon-ms</Extensions>
    </Filter>
    <Filter Include="Shaders">
      <UniqueIdentifier>{f2061c97-28d7-44a6-9139-4cfa56d2b989}</UniqueIdentifier>
    </Filter>
    <Filter Include="Source Files\Voxels">
      <UniqueIdentifier>{e3a89854-8262-4d76-8744-2f9549b4afc1}</UniqueIdentifier>
    </Filter>
    <Filter Include="Header Files\Voxels">
      <UniqueIdentifier>{2da63bd7-0d5b-4b1d-a9d9-77131993e1ae}</UniqueIdentifier>
    </Filter>
    <Filter Include="Source Files\Utility">
      <UniqueIdentifier>{aed173df-76ce-4160-a476-319192f25aad}</UniqueIdentifier>
    </Filter>
    <Filter Include="Source Files\Utility\FastNoise">
      <UniqueIdentifier>{2e7ad105-3af5-408e-a9ed-eab61f561b53}</UniqueIdentifier>
    </Filter>
    <Filter Include="Header Files\Utility">
      <UniqueIdentifier>{676263a3-a52e-4487-9aae-1f8e77a77112}</UniqueIdentifier>
    </Filter>
    <Filter Include="Header Files\Utility\FastNoise">
      <UniqueIdentifier>{3976a62c-d512-48dc-8719-1bd1e7ae6012}</UniqueIdentifier>
    </Filter>
    <Filter Include="Shaders\Model">
      <UniqueIdentifier>{0120fcfc-d642-4f45-9c4a-1be1cfa0239a}</UniqueIdentifier>
    </Filter>
    <Filter Include="Source Files\Utility\ImGUI">
      <UniqueIdentifier>{c198f875-b65d-41c1-a054-dfc3a573554f}</UniqueIdentifier>
    </Filter>
    <Filter Include="Header Files\Utility\ImGUI">
      <UniqueIdentifier>{0f035ecf-6b5c-463a-8bae-81509f0d34a9}</UniqueIdentifier>
    </Filter>
    <Filter Include="Shaders\PostProcessing">
      <UniqueIdentifier>{dc10e74c-0fed-4006-a2d9-533fbfdc8de4}</UniqueIdentifier>
    </Filter>
    <Filter Include="Shaders\PostProcessing\Clouds">
      <UniqueIdentifier>{22597dac-1a6c-432f-a7c5-f37f6e01edf5}</UniqueIdentifier>
    </Filter>
    <Filter Include="Shaders\PostProcessing\Clouds\noise">
      <UniqueIdentifier>{c135922d-9f2c-4d1a-b525-e4880fae3a82}</UniqueIdentifier>
    </Filter>
    <Filter Include="Shaders\PostProcessing\Scattering">
      <UniqueIdentifier>{f5b135e5-5c1f-4363-9c2f-9711c870fee2}</UniqueIdentifier>
    </Filter>
    <Filter Include="Shaders\PostProcessing\Ocean">
      <UniqueIdentifier>{3fd32750-b996-4c2b-9863-8e17b9b14b9c}</UniqueIdentifier>
    </Filter>
    <Filter Include="Shaders\Forward Rendering">
      <UniqueIdentifier>{a949d35d-00e9-4155-93a2-d9a3e7e5c648}</UniqueIdentifier>
    </Filter>
    <Filter Include="Shaders\Deferred Rendering">
      <UniqueIdentifier>{59ce0ff0-4105-40e5-9152-538efb47cb65}</UniqueIdentifier>
    </Filter>
    <Filter Include="Shaders\Deferred Rendering\Voxel">
      <UniqueIdentifier>{c08ab21e-8554-42dc-9ec9-37801dbf8617}</UniqueIdentifier>
    </Filter>
    <Filter Include="Shaders\Forward Rendering\Voxel">
      <UniqueIdentifier>{39fe005c-65e6-4319-8ffc-f23ea9076b88}</UniqueIdentifier>
    </Filter>
    <Filter Include="Shaders\Common">
      <UniqueIdentifier>{717ddaaa-080f-4048-a2e5-e2f33767e2f7}</UniqueIdentifier>
    </Filter>
    <Filter Include="Shaders\Deferred Rendering\SSAO">
      <UniqueIdentifier>{690ed9b9-90e0-4cec-8729-d5082535f435}</UniqueIdentifier>
    </Filter>
    <Filter Include="Shaders\Deferred Rendering\PBR">
      <UniqueIdentifier>{ccd4c7f9-26c5-4046-8b5d-349270a74f0f}</UniqueIdentifier>
    </Filter>
  </ItemGroup>
  <ItemGroup>
    <None Include="packages.config" />
    <None Include="Resources\config.json">
      <Filter>Resource Files</Filter>
    </None>
    <None Include="Resources\entity.json">
      <Filter>Resource Files</Filter>
    </None>
    <None Include="Resources\resources.json">
      <Filter>Resource Files</Filter>
    </None>
    <None Include="Resources\sound.json">
      <Filter>Resource Files</Filter>
    </None>
    <None Include="Resources\structures.json">
      <Filter>Resource Files</Filter>
    </None>
    <None Include="Resources\textures\texture.json">
      <Filter>Resource Files</Filter>
    </None>
    <None Include="Resources\models\models.json">
      <Filter>Resource Files</Filter>
    </None>
    <None Include="Shaders\shader.json">
      <Filter>Resource Files</Filter>
    </None>
    <None Include="Shaders\Scattering\add_delta_e.compute.glsl">
      <Filter>Shaders\PostProcessing\Scattering</Filter>
    </None>
    <None Include="Shaders\Scattering\add_delta_sr.compute.glsl">
      <Filter>Shaders\PostProcessing\Scattering</Filter>
    </None>
    <None Include="Shaders\Scattering\atmosphere_fs.glsl">
      <Filter>Shaders\PostProcessing\Scattering</Filter>
    </None>
    <None Include="Shaders\Scattering\atmosphere_vs.glsl">
      <Filter>Shaders\PostProcessing\Scattering</Filter>
    </None>
    <None Include="Shaders\Scattering\compute_scattering.inc.glsl">
      <Filter>Shaders\PostProcessing\Scattering</Filter>
    </None>
    <None Include="Shaders\Scattering\copy_inscatter.compute.glsl">
      <Filter>Shaders\PostProcessing\Scattering</Filter>
    </None>
    <None Include="Shaders\Scattering\copy_irradiance.compute.glsl">
      <Filter>Shaders\PostProcessing\Scattering</Filter>
    </None>
    <None Include="Shaders\Scattering\delta_e.compute.glsl">
      <Filter>Shaders\PostProcessing\Scattering</Filter>
    </None>
    <None Include="Shaders\Scattering\delta_j.compute.glsl">
      <Filter>Shaders\PostProcessing\Scattering</Filter>
    </None>
    <None Include="Shaders\Scattering\delta_sm_sr.compute.glsl">
      <Filter>Shaders\PostProcessing\Scattering</Filter>
    </None>
    <None Include="Shaders\Scattering\delta_sr.compute.glsl">
      <Filter>Shaders\PostProcessing\Scattering</Filter>
    </None>
    <None Include="Shaders\Scattering\irradiance_n.compute.glsl">
      <Filter>Shaders\PostProcessing\Scattering</Filter>
    </None>
    <None Include="Shaders\Scattering\scatterFunctions.inc.glsl">
      <Filter>Shaders\PostProcessing\Scattering</Filter>
    </None>
    <None Include="Shaders\Scattering\transmittance.glsl">
      <Filter>Shaders\PostProcessing\Scattering</Filter>
    </None>
    <None Include="Shaders\voxelTex_vs.glsl">
      <Filter>Shaders\Forward Rendering\Voxel</Filter>
    </None>
    <None Include="Shaders\voxelTex_fs.glsl">
      <Filter>Shaders\Forward Rendering\Voxel</Filter>
    </None>
    <None Include="Shaders\object_vs.glsl">
      <Filter>Shaders\Model</Filter>
    </None>
    <None Include="Shaders\model_fs.glsl">
      <Filter>Shaders\Model</Filter>
    </None>
    <None Include="Shaders\model_vs.glsl">
      <Filter>Shaders\Model</Filter>
    </None>
    <None Include="Shaders\object_fs.glsl">
      <Filter>Shaders\Model</Filter>
    </None>
    <None Include="Shaders\Clouds\noise.inc.glsl">
      <Filter>Shaders\PostProcessing\Clouds\noise</Filter>
    </None>
    <None Include="Shaders\Clouds\cloudHighFreqNoise.glsl">
      <Filter>Shaders\PostProcessing\Clouds\noise</Filter>
    </None>
    <None Include="Shaders\Clouds\cloudLowFreqNoise.glsl">
      <Filter>Shaders\PostProcessing\Clouds\noise</Filter>
    </None>
    <None Include="Shaders\Clouds\cloud_common.inc.glsl">
      <Filter>Shaders\PostProcessing\Clouds</Filter>
    </None>
    <None Include="Shaders\Clouds\generateWeatherData.glsl">
      <Filter>Shaders\PostProcessing\Clouds</Filter>
    </None>
    <None Include="Shaders\Clouds\cloudCurlNoise.glsl">
      <Filter>Shaders\PostProcessing\Clouds\noise</Filter>
    </None>
    <None Include="Shaders\Clouds\raymarch_clouds_vs.glsl">
      <Filter>Shaders\PostProcessing\Clouds</Filter>
    </None>
    <None Include="Shaders\Clouds\raymarch_clouds_fs.glsl">
      <Filter>Shaders\PostProcessing\Clouds</Filter>
    </None>
    <None Include="Shaders\Clouds\applyCloud_fs.glsl">
      <Filter>Shaders\PostProcessing\Clouds</Filter>
    </None>
    <None Include="Shaders\Ocean\oceanFFT_vs.glsl">
      <Filter>Shaders\PostProcessing\Ocean</Filter>
    </None>
    <None Include="Shaders\Ocean\oceanFFT_fs.glsl">
      <Filter>Shaders\PostProcessing\Ocean</Filter>
    </None>
    <None Include="Shaders\skybox_vs.glsl">
      <Filter>Shaders\Forward Rendering</Filter>
    </None>
    <None Include="Shaders\skybox_fs.glsl">
      <Filter>Shaders\Forward Rendering</Filter>
    </None>
    <None Include="Shaders\deferredLighting_fs.glsl">
      <Filter>Shaders\Deferred Rendering</Filter>
    </None>
    <None Include="Shaders\voxel_deferred_vs.glsl">
      <Filter>Shaders\Deferred Rendering\Voxel</Filter>
    </None>
    <None Include="Shaders\voxel_deferred_fs.glsl">
      <Filter>Shaders\Deferred Rendering\Voxel</Filter>
    </None>
    <None Include="Shaders\common.inc.glsl">
      <Filter>Shaders\Common</Filter>
    </None>
    <None Include="Shaders\voxelCommon.inc.glsl">
      <Filter>Shaders\Common</Filter>
    </None>
    <None Include="Shaders\depthShader_fs.glsl">
      <Filter>Shaders\Forward Rendering</Filter>
    </None>
    <None Include="Shaders\depthShader_vs.glsl">
      <Filter>Shaders\Forward Rendering</Filter>
    </None>
    <None Include="Shaders\deferredLighting_vs.glsl">
      <Filter>Shaders\Deferred Rendering</Filter>
    </None>
    <None Include="Shaders\Deferred\SSAO_fs.glsl">
      <Filter>Shaders\Deferred Rendering\SSAO</Filter>
    </None>
    <None Include="Shaders\Deferred\SSAO_vs.glsl">
      <Filter>Shaders\Deferred Rendering\SSAO</Filter>
    </None>
    <None Include="Shaders\Deferred\SSAO_blur_fs.glsl">
      <Filter>Shaders\Deferred Rendering\SSAO</Filter>
    </None>
    <None Include="Shaders\quad_fs.glsl">
      <Filter>Shaders\Common</Filter>
    </None>
    <None Include="Shaders\quad_vs.glsl">
      <Filter>Shaders\Common</Filter>
    </None>
    <None Include="Shaders\deferred_fs.glsl">
      <Filter>Shaders\Deferred Rendering</Filter>
    </None>
    <None Include="Shaders\deferred_vs.glsl">
      <Filter>Shaders\Deferred Rendering</Filter>
    </None>
    <None Include="Shaders\deferredPBR_vs.glsl">
      <Filter>Shaders\Deferred Rendering\PBR</Filter>
    </None>
    <None Include="Shaders\deferredPBR_fs.glsl">
      <Filter>Shaders\Deferred Rendering\PBR</Filter>
    </None>
    <None Include="Resources\material.json">
      <Filter>Resource Files</Filter>
    </None>
  </ItemGroup>
  <ItemGroup>
    <ClInclude Include="source\game.hpp">
      <Filter>Header Files</Filter>
    </ClInclude>
    <ClInclude Include="source\graphics.hpp">
      <Filter>Header Files</Filter>
    </ClInclude>
    <ClInclude Include="source\resManager.hpp">
      <Filter>Header Files</Filter>
    </ClInclude>
    <ClInclude Include="source\shader.hpp">
      <Filter>Header Files</Filter>
    </ClInclude>
    <ClInclude Include="source\model.hpp">
      <Filter>Header Files</Filter>
    </ClInclude>
    <ClInclude Include="source\mesh.hpp">
      <Filter>Header Files</Filter>
    </ClInclude>
    <ClInclude Include="source\texture.hpp">
      <Filter>Header Files</Filter>
    </ClInclude>
    <ClInclude Include="source\mathUtil.hpp">
      <Filter>Header Files</Filter>
    </ClInclude>
    <ClInclude Include="source\animController.hpp">
      <Filter>Header Files</Filter>
    </ClInclude>
    <ClInclude Include="source\camera.hpp">
      <Filter>Header Files</Filter>
    </ClInclude>
    <ClInclude Include="source\chunk.hpp">
      <Filter>Header Files\Voxels</Filter>
    </ClInclude>
    <ClInclude Include="source\octree.hpp">
      <Filter>Header Files\Voxels</Filter>
    </ClInclude>
    <ClInclude Include="source\voxelManager.hpp">
      <Filter>Header Files\Voxels</Filter>
    </ClInclude>
    <ClInclude Include="source\Allocator.hpp">
      <Filter>Header Files</Filter>
    </ClInclude>
    <ClInclude Include="source\player.hpp">
      <Filter>Header Files</Filter>
    </ClInclude>
    <ClInclude Include="source\density.hpp">
      <Filter>Header Files\Voxels</Filter>
    </ClInclude>
    <ClInclude Include="source\LightSource.hpp">
      <Filter>Header Files</Filter>
    </ClInclude>
    <ClInclude Include="source\entity.hpp">
      <Filter>Header Files</Filter>
    </ClInclude>
    <ClInclude Include="source\simple_logger.h">
      <Filter>Header Files</Filter>
    </ClInclude>
    <ClInclude Include="utility\FastNoiseSIMD.h">
      <Filter>Header Files\Utility\FastNoise</Filter>
    </ClInclude>
    <ClInclude Include="utility\FastNoise.h">
      <Filter>Header Files\Utility\FastNoise</Filter>
    </ClInclude>
    <ClInclude Include="source\tables.hpp">
      <Filter>Header Files\Voxels</Filter>
    </ClInclude>
    <ClInclude Include="source\VoxelVertex.hpp">
      <Filter>Header Files\Voxels</Filter>
    </ClInclude>
    <ClInclude Include="source\QEFSolver.h">
      <Filter>Header Files\Voxels</Filter>
    </ClInclude>
    <ClInclude Include="source\SVD.h">
      <Filter>Header Files\Voxels</Filter>
    </ClInclude>
    <ClInclude Include="source\skydome.hpp">
      <Filter>Header Files</Filter>
    </ClInclude>
    <ClInclude Include="source\atmosphere.hpp">
      <Filter>Header Files</Filter>
    </ClInclude>
    <ClInclude Include="source\weather.hpp">
      <Filter>Header Files</Filter>
    </ClInclude>
    <ClInclude Include="utility\ImGui\imgui_impl_sdl_gl3.h">
      <Filter>Header Files\Utility\ImGUI</Filter>
    </ClInclude>
    <ClInclude Include="utility\ImGui\imgui_internal.h">
      <Filter>Header Files\Utility\ImGUI</Filter>
    </ClInclude>
    <ClInclude Include="utility\ImGui\stb_rect_pack.h">
      <Filter>Header Files\Utility\ImGUI</Filter>
    </ClInclude>
    <ClInclude Include="utility\ImGui\stb_textedit.h">
      <Filter>Header Files\Utility\ImGUI</Filter>
    </ClInclude>
    <ClInclude Include="utility\ImGui\stb_truetype.h">
      <Filter>Header Files\Utility\ImGUI</Filter>
    </ClInclude>
    <ClInclude Include="utility\ImGui\imconfig.h">
      <Filter>Header Files\Utility\ImGUI</Filter>
    </ClInclude>
    <ClInclude Include="utility\ImGui\imgui.h">
      <Filter>Header Files\Utility\ImGUI</Filter>
    </ClInclude>
    <ClInclude Include="source\worldTree.h">
      <Filter>Header Files\Voxels</Filter>
    </ClInclude>
    <ClInclude Include="source\material.hpp">
      <Filter>Header Files</Filter>
    </ClInclude>
  </ItemGroup>
  <ItemGroup>
    <ClCompile Include="source\graphics.cpp">
      <Filter>Source Files</Filter>
    </ClCompile>
    <ClCompile Include="source\main.cpp">
      <Filter>Source Files</Filter>
    </ClCompile>
    <ClCompile Include="source\mesh.cpp">
      <Filter>Source Files</Filter>
    </ClCompile>
    <ClCompile Include="source\model.cpp">
      <Filter>Source Files</Filter>
    </ClCompile>
    <ClCompile Include="source\resManager.cpp">
      <Filter>Source Files</Filter>
    </ClCompile>
    <ClCompile Include="source\shader.cpp">
      <Filter>Source Files</Filter>
    </ClCompile>
    <ClCompile Include="source\game.cpp">
      <Filter>Source Files</Filter>
    </ClCompile>
    <ClCompile Include="source\texture.cpp">
      <Filter>Source Files</Filter>
    </ClCompile>
    <ClCompile Include="source\animController.cpp">
      <Filter>Source Files</Filter>
    </ClCompile>
    <ClCompile Include="source\camera.cpp">
      <Filter>Source Files</Filter>
    </ClCompile>
    <ClCompile Include="source\chunk.cpp">
      <Filter>Source Files\Voxels</Filter>
    </ClCompile>
    <ClCompile Include="source\octree.cpp">
      <Filter>Source Files\Voxels</Filter>
    </ClCompile>
    <ClCompile Include="source\mathUtil.cpp">
      <Filter>Source Files</Filter>
    </ClCompile>
    <ClCompile Include="source\voxelManager.cpp">
      <Filter>Source Files\Voxels</Filter>
    </ClCompile>
    <ClCompile Include="source\density.cpp">
      <Filter>Source Files\Voxels</Filter>
    </ClCompile>
    <ClCompile Include="source\LightSource.cpp">
      <Filter>Source Files</Filter>
    </ClCompile>
    <ClCompile Include="source\entity.cpp">
      <Filter>Source Files</Filter>
    </ClCompile>
    <ClCompile Include="source\simple_logger.cpp">
      <Filter>Header Files</Filter>
    </ClCompile>
    <ClCompile Include="utility\FastNoiseSIMD.cpp">
      <Filter>Source Files\Utility\FastNoise</Filter>
    </ClCompile>
    <ClCompile Include="utility\FastNoiseSIMD_avx2.cpp">
      <Filter>Source Files\Utility\FastNoise</Filter>
    </ClCompile>
    <ClCompile Include="utility\FastNoiseSIMD_avx512.cpp">
      <Filter>Source Files\Utility\FastNoise</Filter>
    </ClCompile>
    <ClCompile Include="utility\FastNoiseSIMD_internal.cpp">
      <Filter>Source Files\Utility\FastNoise</Filter>
    </ClCompile>
    <ClCompile Include="utility\FastNoiseSIMD_neon.cpp">
      <Filter>Source Files\Utility\FastNoise</Filter>
    </ClCompile>
    <ClCompile Include="utility\FastNoiseSIMD_sse2.cpp">
      <Filter>Source Files\Utility\FastNoise</Filter>
    </ClCompile>
    <ClCompile Include="utility\FastNoiseSIMD_sse41.cpp">
      <Filter>Source Files\Utility\FastNoise</Filter>
    </ClCompile>
    <ClCompile Include="utility\FastNoise.cpp">
      <Filter>Source Files\Utility\FastNoise</Filter>
    </ClCompile>
    <ClCompile Include="source\tables.cpp">
      <Filter>Source Files\Voxels</Filter>
    </ClCompile>
    <ClCompile Include="source\VoxelVertex.cpp">
      <Filter>Source Files\Voxels</Filter>
    </ClCompile>
    <ClCompile Include="source\QEFSolver.cpp">
      <Filter>Source Files\Voxels</Filter>
    </ClCompile>
    <ClCompile Include="source\SVD.cpp">
      <Filter>Source Files\Voxels</Filter>
    </ClCompile>
    <ClCompile Include="source\skydome.cpp">
      <Filter>Source Files</Filter>
    </ClCompile>
    <ClCompile Include="source\atmosphere.cpp">
      <Filter>Source Files</Filter>
    </ClCompile>
    <ClCompile Include="source\weather.cpp">
      <Filter>Source Files</Filter>
    </ClCompile>
    <ClCompile Include="utility\ImGui\imgui.cpp">
      <Filter>Source Files\Utility\ImGUI</Filter>
    </ClCompile>
    <ClCompile Include="utility\ImGui\imgui_demo.cpp">
      <Filter>Source Files\Utility\ImGUI</Filter>
    </ClCompile>
    <ClCompile Include="utility\ImGui\imgui_draw.cpp">
      <Filter>Source Files\Utility\ImGUI</Filter>
    </ClCompile>
    <ClCompile Include="utility\ImGui\imgui_impl_sdl_gl3.cpp">
      <Filter>Source Files\Utility\ImGUI</Filter>
    </ClCompile>
    <ClCompile Include="source\worldTree.cpp">
      <Filter>Source Files\Voxels</Filter>
    </ClCompile>
    <ClCompile Include="source\material.cpp">
      <Filter>Source Files</Filter>
    </ClCompile>
  </ItemGroup>
</Project>